
Microsoft Visual Studio Solution File, Format Version 12.00
# Visual Studio Version 17
VisualStudioVersion = 17.2.32602.215
MinimumVisualStudioVersion = 10.0.40219.1
Project("{9A19103F-16F7-4668-BE54-9A1E7A4F7556}") = "TaskManager", "TaskManager\TaskManager.csproj", "{EC6176CA-6563-4B03-9F61-F1D440B70BA1}"
EndProject
Project("{FAE04EC0-301F-11D3-BF4B-00C04F79EFBC}") = "TaskManager.Repository", "TaskManager.Repository\TaskManager.Repository.csproj", "{21C06552-7ED8-4735-BCB9-C1E5942A0F5E}"
EndProject
Project("{FAE04EC0-301F-11D3-BF4B-00C04F79EFBC}") = "TaskManager.Model", "TaskManager.Model\TaskManager.Model.csproj", "{632CB689-651C-4E54-8A4A-8BF52DC02ACA}"
EndProject
Global
	GlobalSection(SolutionConfigurationPlatforms) = preSolution
		Debug|Any CPU = Debug|Any CPU
		Release|Any CPU = Release|Any CPU
	EndGlobalSection
	GlobalSection(ProjectConfigurationPlatforms) = postSolution
		{EC6176CA-6563-4B03-9F61-F1D440B70BA1}.Debug|Any CPU.ActiveCfg = Debug|Any CPU
		{EC6176CA-6563-4B03-9F61-F1D440B70BA1}.Debug|Any CPU.Build.0 = Debug|Any CPU
		{EC6176CA-6563-4B03-9F61-F1D440B70BA1}.Release|Any CPU.ActiveCfg = Release|Any CPU
		{EC6176CA-6563-4B03-9F61-F1D440B70BA1}.Release|Any CPU.Build.0 = Release|Any CPU
		{21C06552-7ED8-4735-BCB9-C1E5942A0F5E}.Debug|Any CPU.ActiveCfg = Debug|Any CPU
		{21C06552-7ED8-4735-BCB9-C1E5942A0F5E}.Debug|Any CPU.Build.0 = Debug|Any CPU
		{21C06552-7ED8-4735-BCB9-C1E5942A0F5E}.Release|Any CPU.ActiveCfg = Release|Any CPU
		{21C06552-7ED8-4735-BCB9-C1E5942A0F5E}.Release|Any CPU.Build.0 = Release|Any CPU
		{632CB689-651C-4E54-8A4A-8BF52DC02ACA}.Debug|Any CPU.ActiveCfg = Debug|Any CPU
		{632CB689-651C-4E54-8A4A-8BF52DC02ACA}.Debug|Any CPU.Build.0 = Debug|Any CPU
		{632CB689-651C-4E54-8A4A-8BF52DC02ACA}.Release|Any CPU.ActiveCfg = Release|Any CPU
		{632CB689-651C-4E54-8A4A-8BF52DC02ACA}.Release|Any CPU.Build.0 = Release|Any CPU
	EndGlobalSection
	GlobalSection(SolutionProperties) = preSolution
		HideSolutionNode = FALSE
	EndGlobalSection
	GlobalSection(ExtensibilityGlobals) = postSolution
		SolutionGuid = {F32C6BFD-E9A0-4201-8A93-E12849E3FDB5}
	EndGlobalSection
EndGlobal
